<?xml version="1.0" encoding="UTF-8" standalone="yes" ?>
<CodeBlocks_project_file>
	<FileVersion major="1" minor="6" />
	<Project>
		<Option title="bank" />
		<Option pch_mode="2" />
		<Option compiler="gcc" />
		<Build>
			<Target title="Debug">
				<Option output="bin/Debug/bank" prefix_auto="1" extension_auto="1" />
				<Option object_output="obj/Debug/" />
				<Option type="1" />
				<Option compiler="gcc" />
				<Compiler>
					<Add option="-g" />
					<Add directory="../../../web/mysql-5.5.56-win32/include" />
				</Compiler>
				<ResourceCompiler>
					<Add directory="../../../web/mysql-5.5.56-win32/lib" />
				</ResourceCompiler>
				<Linker>
					<Add library="../../../web/mysql-5.5.56-win32/lib/libmysql.lib" />
					<Add directory="../../../web/mysql-5.5.56-win32/lib" />
				</Linker>
			</Target>
			<Target title="Release">
				<Option output="bin/Release/bank" prefix_auto="1" extension_auto="1" />
				<Option object_output="obj/Release/" />
				<Option type="1" />
				<Option compiler="gcc" />
				<Compiler>
					<Add option="-O2" />
				</Compiler>
				<Linker>
					<Add option="-s" />
				</Linker>
			</Target>
		</Build>
		<Compiler>
			<Add option="-Wall" />
			<Add option="-fexceptions" />
			<Add directory="../../../web/mysql-5.5.56-win32/include" />
			<Add directory="../../../web/mysql-5.5.56-win32/include/mysql" />
		</Compiler>
		<Linker>
			<Add library="../../../web/mysql-5.5.56-win32/lib/libmysql.lib" />
		</Linker>
		<Unit filename="main.cpp" />
		<Extensions>
			<code_completion />
			<envvars />
			<debugger />
			<lib_finder disable_auto="1" />
		</Extensions>
	</Project>
</CodeBlocks_project_file>
